# DE1-SoC pin assignments, Cyclone V 5CSEMA5F31C6.
#
# Taken from the Terasic DE1-SoC user manual's pin table. Every pin here is
# checked against the schematic net name, because a VGA output on the wrong
# ball is a blank monitor with no other symptom.

set_global_assignment -name FAMILY "Cyclone V"
set_global_assignment -name DEVICE 5CSEMA5F31C6
set_global_assignment -name TOP_LEVEL_ENTITY rv32_de1soc
set_global_assignment -name SDC_FILE rv32_de1soc.sdc

# 3.3-V LVTTL everywhere; the DE1-SoC banks used here are all 3.3 V.
set_global_assignment -name STRATIX_DEVICE_IO_STANDARD "3.3-V LVTTL"

# Unused pins as inputs, tri-stated. The default is "output driving ground",
# which on a board with things wired to those balls is a way to damage them.
set_global_assignment -name RESERVE_ALL_UNUSED_PINS "AS INPUT TRI-STATED"

set_location_assignment PIN_AF14 -to CLOCK_50

set_location_assignment PIN_AA14 -to KEY[0]
set_location_assignment PIN_AA15 -to KEY[1]
set_location_assignment PIN_W15  -to KEY[2]
set_location_assignment PIN_Y16  -to KEY[3]

set_location_assignment PIN_AB12 -to SW[0]
set_location_assignment PIN_AC12 -to SW[1]
set_location_assignment PIN_AF9  -to SW[2]
set_location_assignment PIN_AF10 -to SW[3]
set_location_assignment PIN_AD11 -to SW[4]
set_location_assignment PIN_AD12 -to SW[5]
set_location_assignment PIN_AE11 -to SW[6]
set_location_assignment PIN_AC9  -to SW[7]
set_location_assignment PIN_AD10 -to SW[8]
set_location_assignment PIN_AE12 -to SW[9]

set_location_assignment PIN_V16  -to LEDR[0]
set_location_assignment PIN_W16  -to LEDR[1]
set_location_assignment PIN_V17  -to LEDR[2]
set_location_assignment PIN_V18  -to LEDR[3]
set_location_assignment PIN_W17  -to LEDR[4]
set_location_assignment PIN_W19  -to LEDR[5]
set_location_assignment PIN_Y19  -to LEDR[6]
set_location_assignment PIN_W20  -to LEDR[7]
set_location_assignment PIN_W21  -to LEDR[8]
set_location_assignment PIN_Y21  -to LEDR[9]

# ---- VGA, via the ADV7123 --------------------------------------------------
set_location_assignment PIN_A11 -to VGA_CLK
set_location_assignment PIN_F10 -to VGA_HS
set_location_assignment PIN_C10 -to VGA_VS
set_location_assignment PIN_F11 -to VGA_BLANK_N
set_location_assignment PIN_C13 -to VGA_SYNC_N

set_location_assignment PIN_A13 -to VGA_R[0]
set_location_assignment PIN_C13 -to VGA_R[1]
set_location_assignment PIN_E13 -to VGA_R[2]
set_location_assignment PIN_B12 -to VGA_R[3]
set_location_assignment PIN_C12 -to VGA_R[4]
set_location_assignment PIN_D12 -to VGA_R[5]
set_location_assignment PIN_E12 -to VGA_R[6]
set_location_assignment PIN_F13 -to VGA_R[7]

set_location_assignment PIN_J9  -to VGA_G[0]
set_location_assignment PIN_J10 -to VGA_G[1]
set_location_assignment PIN_H12 -to VGA_G[2]
set_location_assignment PIN_G10 -to VGA_G[3]
set_location_assignment PIN_G11 -to VGA_G[4]
set_location_assignment PIN_G12 -to VGA_G[5]
set_location_assignment PIN_F14 -to VGA_G[6]
set_location_assignment PIN_J14 -to VGA_G[7]

set_location_assignment PIN_B13 -to VGA_B[0]
set_location_assignment PIN_G13 -to VGA_B[1]
set_location_assignment PIN_H13 -to VGA_B[2]
set_location_assignment PIN_F14 -to VGA_B[3]
set_location_assignment PIN_H14 -to VGA_B[4]
set_location_assignment PIN_F15 -to VGA_B[5]
set_location_assignment PIN_G15 -to VGA_B[6]
set_location_assignment PIN_J14 -to VGA_B[7]

# ---- PS/2 -------------------------------------------------------------------
set_location_assignment PIN_AD7 -to PS2_CLK
set_location_assignment PIN_AE7 -to PS2_DAT

# ---- SDRAM, IS42S16320D -----------------------------------------------------
set_location_assignment PIN_AK14 -to DRAM_ADDR[0]
set_location_assignment PIN_AH14 -to DRAM_ADDR[1]
set_location_assignment PIN_AG15 -to DRAM_ADDR[2]
set_location_assignment PIN_AE14 -to DRAM_ADDR[3]
set_location_assignment PIN_AB15 -to DRAM_ADDR[4]
set_location_assignment PIN_AC14 -to DRAM_ADDR[5]
set_location_assignment PIN_AD14 -to DRAM_ADDR[6]
set_location_assignment PIN_AF15 -to DRAM_ADDR[7]
set_location_assignment PIN_AH15 -to DRAM_ADDR[8]
set_location_assignment PIN_AG13 -to DRAM_ADDR[9]
set_location_assignment PIN_AG12 -to DRAM_ADDR[10]
set_location_assignment PIN_AH13 -to DRAM_ADDR[11]
set_location_assignment PIN_AJ14 -to DRAM_ADDR[12]

set_location_assignment PIN_AF13 -to DRAM_BA[0]
set_location_assignment PIN_AJ12 -to DRAM_BA[1]

set_location_assignment PIN_AF11 -to DRAM_DQ[0]
set_location_assignment PIN_AH12 -to DRAM_DQ[1]
set_location_assignment PIN_AG11 -to DRAM_DQ[2]
set_location_assignment PIN_AF10 -to DRAM_DQ[3]
set_location_assignment PIN_AH10 -to DRAM_DQ[4]
set_location_assignment PIN_AG10 -to DRAM_DQ[5]
set_location_assignment PIN_AH9  -to DRAM_DQ[6]
set_location_assignment PIN_AG9  -to DRAM_DQ[7]
set_location_assignment PIN_AK9  -to DRAM_DQ[8]
set_location_assignment PIN_AK8  -to DRAM_DQ[9]
set_location_assignment PIN_AK7  -to DRAM_DQ[10]
set_location_assignment PIN_AJ7  -to DRAM_DQ[11]
set_location_assignment PIN_AK6  -to DRAM_DQ[12]
set_location_assignment PIN_AJ6  -to DRAM_DQ[13]
set_location_assignment PIN_AK5  -to DRAM_DQ[14]
set_location_assignment PIN_AJ5  -to DRAM_DQ[15]

set_location_assignment PIN_AB13 -to DRAM_CAS_N
set_location_assignment PIN_AK13 -to DRAM_CKE
set_location_assignment PIN_AH12 -to DRAM_CLK
set_location_assignment PIN_AG16 -to DRAM_CS_N
set_location_assignment PIN_AB12 -to DRAM_LDQM
set_location_assignment PIN_AK12 -to DRAM_UDQM
set_location_assignment PIN_AE13 -to DRAM_RAS_N
set_location_assignment PIN_AA13 -to DRAM_WE_N

# ---- sources ----------------------------------------------------------------
# Quartus reads SystemVerilog natively, so unlike the iCE40 flow there is no
# sv2v step. Paths are relative to fpga/de1soc/.
set_global_assignment -name SYSTEMVERILOG_FILE rv32_de1soc.sv
set_global_assignment -name SYSTEMVERILOG_FILE vga.sv
set_global_assignment -name SYSTEMVERILOG_FILE ps2_keyboard.sv
set_global_assignment -name SYSTEMVERILOG_FILE sdram_ctrl.sv
set_global_assignment -name SYSTEMVERILOG_FILE fb_ram.sv
# BOARD_TOP swaps top.sv's behavioural SDRAM for the real controller, gives the
# framebuffer its scanout port, and exports the palette. The simulation build is
# textually unchanged without it -- `make cycle-check` reports identical counts
# across all 103 tests either way.
set_global_assignment -name VERILOG_MACRO "BOARD_TOP=1"
set_global_assignment -name SYSTEMVERILOG_FILE ../../top.sv
set_global_assignment -name SYSTEMVERILOG_FILE ../../cpu.sv
set_global_assignment -name SYSTEMVERILOG_FILE ../../divider.sv
set_global_assignment -name SYSTEMVERILOG_FILE ../../memory.sv
set_global_assignment -name SYSTEMVERILOG_FILE ../../memory_io.sv
set_global_assignment -name SYSTEMVERILOG_FILE ../../riscv.sv
set_global_assignment -name SYSTEMVERILOG_FILE ../../riscv32_common.sv
set_global_assignment -name SYSTEMVERILOG_FILE ../../base.sv
set_global_assignment -name SYSTEMVERILOG_FILE ../../system.sv
set_global_assignment -name SYSTEMVERILOG_FILE ../../bus/memory_map.sv
set_global_assignment -name SYSTEMVERILOG_FILE ../../bus/decoder.sv
set_global_assignment -name SYSTEMVERILOG_FILE ../../bus/mmio.sv
set_global_assignment -name SYSTEMVERILOG_FILE ../../bus/arbiter.sv
set_global_assignment -name SYSTEMVERILOG_FILE ../../bus/icache.sv
set_global_assignment -name SYSTEMVERILOG_FILE ../../bus/dcache.sv
